// !$*UTF8*$!
{
	archiveVersion = 1;
	classes = {
	};
	objectVersion = 46;
	objects = {

/* Begin PBXBuildFile section */
		C978CB341F394884009A4510 /* AppDelegate.swift in Sources */ = {isa = PBXBuildFile; fileRef = C978CB331F394884009A4510 /* AppDelegate.swift */; };
		C978CB361F394884009A4510 /* ViewController.swift in Sources */ = {isa = PBXBuildFile; fileRef = C978CB351F394884009A4510 /* ViewController.swift */; };
		C978CB391F394884009A4510 /* Main.storyboard in Resources */ = {isa = PBXBuildFile; fileRef = C978CB371F394884009A4510 /* Main.storyboard */; };
		C978CB3B1F394884009A4510 /* Assets.xcassets in Resources */ = {isa = PBXBuildFile; fileRef = C978CB3A1F394884009A4510 /* Assets.xcassets */; };
		C978CB3E1F394884009A4510 /* LaunchScreen.storyboard in Resources */ = {isa = PBXBuildFile; fileRef = C978CB3C1F394884009A4510 /* LaunchScreen.storyboard */; };
		C978CB471F394C7D009A4510 /* View1.swift in Sources */ = {isa = PBXBuildFile; fileRef = C978CB451F394C7D009A4510 /* View1.swift */; };
		C978CB481F394C7D009A4510 /* View1.xib in Resources */ = {isa = PBXBuildFile; fileRef = C978CB461F394C7D009A4510 /* View1.xib */; };
		C978CB4B1F394ED6009A4510 /* View2.swift in Sources */ = {isa = PBXBuildFile; fileRef = C978CB491F394ED6009A4510 /* View2.swift */; };
		C978CB4C1F394ED6009A4510 /* View2.xib in Resources */ = {isa = PBXBuildFile; fileRef = C978CB4A1F394ED6009A4510 /* View2.xib */; };
/* End PBXBuildFile section */

/* Begin PBXFileReference section */
		C978CB301F394884009A4510 /* StockCam.app */ = {isa = PBXFileReference; explicitFileType = wrapper.application; includeInIndex = 0; path = StockCam.app; sourceTree = BUILT_PRODUCTS_DIR; };
		C978CB331F394884009A4510 /* AppDelegate.swift */ = {isa = PBXFileReference; lastKnownFileType = sourcecode.swift; path = AppDelegate.swift; sourceTree = "<group>"; };
		C978CB351F394884009A4510 /* ViewController.swift */ = {isa = PBXFileReference; lastKnownFileType = sourcecode.swift; path = ViewController.swift; sourceTree = "<group>"; };
		C978CB381F394884009A4510 /* Base */ = {isa = PBXFileReference; lastKnownFileType = file.storyboard; name = Base; path = Base.lproj/Main.storyboard; sourceTree = "<group>"; };
		C978CB3A1F394884009A4510 /* Assets.xcassets */ = {isa = PBXFileReference; lastKnownFileType = folder.assetcatalog; path = Assets.xcassets; sourceTree = "<group>"; };
		C978CB3D1F394884009A4510 /* Base */ = {isa = PBXFileReference; lastKnownFileType = file.storyboard; name = Base; path = Base.lproj/LaunchScreen.storyboard; sourceTree = "<group>"; };
		C978CB3F1F394884009A4510 /* Info.plist */ = {isa = PBXFileReference; lastKnownFileType = text.plist.xml; path = Info.plist; sourceTree = "<group>"; };
		C978CB451F394C7D009A4510 /* View1.swift */ = {isa = PBXFileReference; fileEncoding = 4; lastKnownFileType = sourcecode.swift; path = View1.swift; sourceTree = "<group>"; };
		C978CB461F394C7D009A4510 /* View1.xib */ = {isa = PBXFileReference; fileEncoding = 4; lastKnownFileType = file.xib; path = View1.xib; sourceTree = "<group>"; };
		C978CB491F394ED6009A4510 /* View2.swift */ = {isa = PBXFileReference; fileEncoding = 4; lastKnownFileType = sourcecode.swift; path = View2.swift; sourceTree = "<group>"; };
		C978CB4A1F394ED6009A4510 /* View2.xib */ = {isa = PBXFileReference; fileEncoding = 4; lastKnownFileType = file.xib; path = View2.xib; sourceTree = "<group>"; };
/* End PBXFileReference section */

/* Begin PBXFrameworksBuildPhase section */
		C978CB2D1F394884009A4510 /* Frameworks */ = {
			isa = PBXFrameworksBuildPhase;
			buildActionMask = 2147483647;
			files = (
			);
			runOnlyForDeploymentPostprocessing = 0;
		};
/* End PBXFrameworksBuildPhase section */

/* Begin PBXGroup section */
		C978CB271F394884009A4510 = {
			isa = PBXGroup;
			children = (
				C978CB321F394884009A4510 /* StockCam */,
				C978CB311F394884009A4510 /* Products */,
			);
			sourceTree = "<group>";
		};
		C978CB311F394884009A4510 /* Products */ = {
			isa = PBXGroup;
			children = (
				C978CB301F394884009A4510 /* StockCam.app */,
			);
			name = Products;
			sourceTree = "<group>";
		};
		C978CB321F394884009A4510 /* StockCam */ = {
			isa = PBXGroup;
			children = (
				C978CB331F394884009A4510 /* AppDelegate.swift */,
				C978CB351F394884009A4510 /* ViewController.swift */,
				C978CB451F394C7D009A4510 /* View1.swift */,
				C978CB461F394C7D009A4510 /* View1.xib */,
				C978CB371F394884009A4510 /* Main.storyboard */,
				C978CB491F394ED6009A4510 /* View2.swift */,
				C978CB4A1F394ED6009A4510 /* View2.xib */,
				C978CB3A1F394884009A4510 /* Assets.xcassets */,
				C978CB3C1F394884009A4510 /* LaunchScreen.storyboard */,
				C978CB3F1F394884009A4510 /* Info.plist */,
			);
			path = StockCam;
			sourceTree = "<group>";
		};
/* End PBXGroup section */

/* Begin PBXNativeTarget section */
		C978CB2F1F394884009A4510 /* StockCam */ = {
			isa = PBXNativeTarget;
			buildConfigurationList = C978CB421F394884009A4510 /* Build configuration list for PBXNativeTarget "StockCam" */;
			buildPhases = (
				C978CB2C1F394884009A4510 /* Sources */,
				C978CB2D1F394884009A4510 /* Frameworks */,
				C978CB2E1F394884009A4510 /* Resources */,
			);
			buildRules = (
			);
			dependencies = (
			);
			name = StockCam;
			productName = StockCam;
			productReference = C978CB301F394884009A4510 /* StockCam.app */;
			productType = "com.apple.product-type.application";
		};
/* End PBXNativeTarget section */

/* Begin PBXProject section */
		C978CB281F394884009A4510 /* Project object */ = {
			isa = PBXProject;
			attributes = {
				LastSwiftUpdateCheck = 0820;
				LastUpgradeCheck = 0820;
				TargetAttributes = {
					C978CB2F1F394884009A4510 = {
						CreatedOnToolsVersion = 8.2.1;
						DevelopmentTeam = X88U8J8PZ2;
						ProvisioningStyle = Automatic;
					};
				};
			};
			buildConfigurationList = C978CB2B1F394884009A4510 /* Build configuration list for PBXProject "StockCam" */;
			compatibilityVersion = "Xcode 3.2";
			developmentRegion = English;
			hasScannedForEncodings = 0;
			knownRegions = (
				en,
				Base,
			);
			mainGroup = C978CB271F394884009A4510;
			productRefGroup = C978CB311F394884009A4510 /* Products */;
			projectDirPath = "";
			projectRoot = "";
			targets = (
				C978CB2F1F394884009A4510 /* StockCam */,
			);
		};
/* End PBXProject section */

/* Begin PBXResourcesBuildPhase section */
		C978CB2E1F394884009A4510 /* Resources */ = {
			isa = PBXResourcesBuildPhase;
			buildActionMask = 2147483647;
			files = (
				C978CB3E1F394884009A4510 /* LaunchScreen.storyboard in Resources */,
				C978CB3B1F394884009A4510 /* Assets.xcassets in Resources */,
				C978CB481F394C7D009A4510 /* View1.xib in Resources */,
				C978CB4C1F394ED6009A4510 /* View2.xib in Resources */,
				C978CB391F394884009A4510 /* Main.storyboard in Resources */,
			);
			runOnlyForDeploymentPostprocessing = 0;
		};
/* End PBXResourcesBuildPhase section */

/* Begin PBXSourcesBuildPhase section */
		C978CB2C1F394884009A4510 /* Sources */ = {
			isa = PBXSourcesBuildPhase;
			buildActionMask = 2147483647;
			files = (
				C978CB361F394884009A4510 /* ViewController.swift in Sources */,
				C978CB471F394C7D009A4510 /* View1.swift in Sources */,
				C978CB341F394884009A4510 /* AppDelegate.swift in Sources */,
				C978CB4B1F394ED6009A4510 /* View2.swift in Sources */,
			);
			runOnlyForDeploymentPostprocessing = 0;
		};
/* End PBXSourcesBuildPhase section */

/* Begin PBXVariantGroup section */
		C978CB371F394884009A4510 /* Main.storyboard */ = {
			isa = PBXVariantGroup;
			children = (
				C978CB381F394884009A4510 /* Base */,
			);
			name = Main.storyboard;
			sourceTree = "<group>";
		};
		C978CB3C1F394884009A4510 /* LaunchScreen.storyboard */ = {
			isa = PBXVariantGroup;
			children = (
				C978CB3D1F394884009A4510 /* Base */,
			);
			name = LaunchScreen.storyboard;
			sourceTree = "<group>";
		};
/* End PBXVariantGroup section */

/* Begin XCBuildConfiguration section */
		C978CB401F394884009A4510 /* Debug */ = {
			isa = XCBuildConfiguration;
			buildSettings = {
				ALWAYS_SEARCH_USER_PATHS = NO;
				CLANG_ANALYZER_NONNULL = YES;
				CLANG_CXX_LANGUAGE_STANDARD = "gnu++0x";
				CLANG_CXX_LIBRARY = "libc++";
				CLANG_ENABLE_MODULES = YES;
				CLANG_ENABLE_OBJC_ARC = YES;
				CLANG_WARN_BOOL_CONVERSION = YES;
				CLANG_WARN_CONSTANT_CONVERSION = YES;
				CLANG_WARN_DIRECT_OBJC_ISA_USAGE = YES_ERROR;
				CLANG_WARN_DOCUMENTATION_COMMENTS = YES;
				CLANG_WARN_EMPTY_BODY = YES;
				CLANG_WARN_ENUM_CONVERSION = YES;
				CLANG_WARN_INFINITE_RECURSION = YES;
				CLANG_WARN_INT_CONVERSION = YES;
				CLANG_WARN_OBJC_ROOT_CLASS = YES_ERROR;
				CLANG_WARN_SUSPICIOUS_MOVE = YES;
				CLANG_WARN_UNREACHABLE_CODE = YES;
				CLANG_WARN__DUPLICATE_METHOD_MATCH = YES;
				"CODE_SIGN_IDENTITY[sdk=iphoneos*]" = "iPhone Developer";
				COPY_PHASE_STRIP = NO;
				DEBUG_INFORMATION_FORMAT = dwarf;
				ENABLE_STRICT_OBJC_MSGSEND = YES;
				ENABLE_TESTABILITY = YES;
				GCC_C_LANGUAGE_STANDARD = gnu99;
				GCC_DYNAMIC_NO_PIC = NO;
				GCC_NO_COMMON_BLOCKS = YES;
				GCC_OPTIMIZATION_LEVEL = 0;
				GCC_PREPROCESSOR_DEFINITIONS = (
					"DEBUG=1",
					"$(inherited)",
				);
				GCC_WARN_64_TO_32_BIT_CONVERSION = YES;
				GCC_WARN_ABOUT_RETURN_TYPE = YES_ERROR;
				GCC_WARN_UNDECLARED_SELECTOR = YES;
				GCC_WARN_UNINITIALIZED_AUTOS = YES_AGGRESSIVE;
				GCC_WARN_UNUSED_FUNCTION = YES;
				GCC_WARN_UNUSED_VARIABLE = YES;
				IPHONEOS_DEPLOYMENT_TARGET = 10.2;
				MTL_ENABLE_DEBUG_INFO = YES;
				ONLY_ACTIVE_ARCH = YES;
				SDKROOT = iphoneos;
				SWIFT_ACTIVE_COMPILATION_CONDITIONS = DEBUG;
				SWIFT_OPTIMIZATION_LEVEL = "-Onone";
				TARGETED_DEVICE_FAMILY = "1,2";
			};
			name = Debug;
		};
		C978CB411F394884009A4510 /* Release */ = {
			isa = XCBuildConfiguration;
			buildSettings = {
				ALWAYS_SEARCH_USER_PATHS = NO;
				CLANG_ANALYZER_NONNULL = YES;
				CLANG_CXX_LANGUAGE_STANDARD = "gnu++0x";
				CLANG_CXX_LIBRARY = "libc++";
				CLANG_ENABLE_MODULES = YES;
				CLANG_ENABLE_OBJC_ARC = YES;
				CLANG_WARN_BOOL_CONVERSION = YES;
				CLANG_WARN_CONSTANT_CONVERSION = YES;
				CLANG_WARN_DIRECT_OBJC_ISA_USAGE = YES_ERROR;
				CLANG_WARN_DOCUMENTATION_COMMENTS = YES;
				CLANG_WARN_EMPTY_BODY = YES;
				CLANG_WARN_ENUM_CONVERSION = YES;
				CLANG_WARN_INFINITE_RECURSION = YES;
				CLANG_WARN_INT_CONVERSION = YES;
				CLANG_WARN_OBJC_ROOT_CLASS = YES_ERROR;
				CLANG_WARN_SUSPICIOUS_MOVE = YES;
				CLANG_WARN_UNREACHABLE_CODE = YES;
				CLANG_WARN__DUPLICATE_METHOD_MATCH = YES;
				"CODE_SIGN_IDENTITY[sdk=iphoneos*]" = "iPhone Developer";
				COPY_PHASE_STRIP = NO;
				DEBUG_INFORMATION_FORMAT = "dwarf-with-dsym";
				ENABLE_NS_ASSERTIONS = NO;
				ENABLE_STRICT_OBJC_MSGSEND = YES;
				GCC_C_LANGUAGE_STANDARD = gnu99;
				GCC_NO_COMMON_BLOCKS = YES;
				GCC_WARN_64_TO_32_BIT_CONVERSION = YES;
				GCC_WARN_ABOUT_RETURN_TYPE = YES_ERROR;
				GCC_WARN_UNDECLARED_SELECTOR = YES;
				GCC_WARN_UNINITIALIZED_AUTOS = YES_AGGRESSIVE;
				GCC_WARN_UNUSED_FUNCTION = YES;
				GCC_WARN_UNUSED_VARIABLE = YES;
				IPHONEOS_DEPLOYMENT_TARGET = 10.2;
				MTL_ENABLE_DEBUG_INFO = NO;
				SDKROOT = iphoneos;
				SWIFT_OPTIMIZATION_LEVEL = "-Owholemodule";
				TARGETED_DEVICE_FAMILY = "1,2";
				VALIDATE_PRODUCT = YES;
			};
			name = Release;
		};
		C978CB431F394884009A4510 /* Debug */ = {
			isa = XCBuildConfiguration;
			buildSettings = {
				ASSETCATALOG_COMPILER_APPICON_NAME = AppIcon;
				DEVELOPMENT_TEAM = X88U8J8PZ2;
				INFOPLIST_FILE = StockCam/Info.plist;
				LD_RUNPATH_SEARCH_PATHS = "$(inherited) @executable_path/Frameworks";
				PRODUCT_BUNDLE_IDENTIFIER = com.vishal.StockCam;
				PRODUCT_NAME = "$(TARGET_NAME)";
				SWIFT_VERSION = 3.0;
			};
			name = Debug;
		};
		C978CB441F394884009A4510 /* Release */ = {
			isa = XCBuildConfiguration;
			buildSettings = {
				ASSETCATALOG_COMPILER_APPICON_NAME = AppIcon;
				DEVELOPMENT_TEAM = X88U8J8PZ2;
				INFOPLIST_FILE = StockCam/Info.plist;
				LD_RUNPATH_SEARCH_PATHS = "$(inherited) @executable_path/Frameworks";
				PRODUCT_BUNDLE_IDENTIFIER = com.vishal.StockCam;
				PRODUCT_NAME = "$(TARGET_NAME)";
				SWIFT_VERSION = 3.0;
			};
			name = Release;
		};
/* End XCBuildConfiguration section */

/* Begin XCConfigurationList section */
		C978CB2B1F394884009A4510 /* Build configuration list for PBXProject "StockCam" */ = {
			isa = XCConfigurationList;
			buildConfigurations = (
				C978CB401F394884009A4510 /* Debug */,
				C978CB411F394884009A4510 /* Release */,
			);
			defaultConfigurationIsVisible = 0;
			defaultConfigurationName = Release;
		};
		C978CB421F394884009A4510 /* Build configuration list for PBXNativeTarget "StockCam" */ = {
			isa = XCConfigurationList;
			buildConfigurations = (
				C978CB431F394884009A4510 /* Debug */,
				C978CB441F394884009A4510 /* Release */,
			);
			defaultConfigurationIsVisible = 0;
		};
/* End XCConfigurationList section */
	};
	rootObject = C978CB281F394884009A4510 /* Project object */;
}
